// !$*UTF8*$!
{
	archiveVersion = 1;
	classes = {
	};
	objectVersion = 46;
	objects = {

/* Begin PBXBuildFile section */
		5A52FBB51A8CD07C00FEFB94 /* AppDelegate.swift in Sources */ = {isa = PBXBuildFile; fileRef = 5A52FBB41A8CD07C00FEFB94 /* AppDelegate.swift */; };
		5A52FBB71A8CD07C00FEFB94 /* Images.xcassets in Resources */ = {isa = PBXBuildFile; fileRef = 5A52FBB61A8CD07C00FEFB94 /* Images.xcassets */; };
		5A52FBBA1A8CD07C00FEFB94 /* MainMenu.xib in Resources */ = {isa = PBXBuildFile; fileRef = 5A52FBB81A8CD07C00FEFB94 /* MainMenu.xib */; };
		5A52FBC61A8CD07C00FEFB94 /* ITMA_Video_ProcessorTests.swift in Sources */ = {isa = PBXBuildFile; fileRef = 5A52FBC51A8CD07C00FEFB94 /* ITMA_Video_ProcessorTests.swift */; };
/* End PBXBuildFile section */

/* Begin PBXContainerItemProxy section */
		5A52FBC01A8CD07C00FEFB94 /* PBXContainerItemProxy */ = {
			isa = PBXContainerItemProxy;
			containerPortal = 5A52FBA71A8CD07B00FEFB94 /* Project object */;
			proxyType = 1;
			remoteGlobalIDString = 5A52FBAE1A8CD07B00FEFB94;
			remoteInfo = "ITMA Video Processor";
		};
/* End PBXContainerItemProxy section */

/* Begin PBXFileReference section */
		5A52FBAF1A8CD07B00FEFB94 /* ITMA Video Processor.app */ = {isa = PBXFileReference; explicitFileType = wrapper.application; includeInIndex = 0; path = "ITMA Video Processor.app"; sourceTree = BUILT_PRODUCTS_DIR; };
		5A52FBB31A8CD07C00FEFB94 /* Info.plist */ = {isa = PBXFileReference; lastKnownFileType = text.plist.xml; path = Info.plist; sourceTree = "<group>"; };
		5A52FBB41A8CD07C00FEFB94 /* AppDelegate.swift */ = {isa = PBXFileReference; lastKnownFileType = sourcecode.swift; path = AppDelegate.swift; sourceTree = "<group>"; };
		5A52FBB61A8CD07C00FEFB94 /* Images.xcassets */ = {isa = PBXFileReference; lastKnownFileType = folder.assetcatalog; path = Images.xcassets; sourceTree = "<group>"; };
		5A52FBB91A8CD07C00FEFB94 /* Base */ = {isa = PBXFileReference; lastKnownFileType = file.xib; name = Base; path = Base.lproj/MainMenu.xib; sourceTree = "<group>"; };
		5A52FBBF1A8CD07C00FEFB94 /* ITMA Video ProcessorTests.xctest */ = {isa = PBXFileReference; explicitFileType = wrapper.cfbundle; includeInIndex = 0; path = "ITMA Video ProcessorTests.xctest"; sourceTree = BUILT_PRODUCTS_DIR; };
		5A52FBC41A8CD07C00FEFB94 /* Info.plist */ = {isa = PBXFileReference; lastKnownFileType = text.plist.xml; path = Info.plist; sourceTree = "<group>"; };
		5A52FBC51A8CD07C00FEFB94 /* ITMA_Video_ProcessorTests.swift */ = {isa = PBXFileReference; lastKnownFileType = sourcecode.swift; path = ITMA_Video_ProcessorTests.swift; sourceTree = "<group>"; };
/* End PBXFileReference section */

/* Begin PBXFrameworksBuildPhase section */
		5A52FBAC1A8CD07B00FEFB94 /* Frameworks */ = {
			isa = PBXFrameworksBuildPhase;
			buildActionMask = 2147483647;
			files = (
			);
			runOnlyForDeploymentPostprocessing = 0;
		};
		5A52FBBC1A8CD07C00FEFB94 /* Frameworks */ = {
			isa = PBXFrameworksBuildPhase;
			buildActionMask = 2147483647;
			files = (
			);
			runOnlyForDeploymentPostprocessing = 0;
		};
/* End PBXFrameworksBuildPhase section */

/* Begin PBXGroup section */
		5A52FBA61A8CD07B00FEFB94 = {
			isa = PBXGroup;
			children = (
				5A52FBB11A8CD07B00FEFB94 /* ITMA Video Processor */,
				5A52FBC21A8CD07C00FEFB94 /* ITMA Video ProcessorTests */,
				5A52FBB01A8CD07B00FEFB94 /* Products */,
			);
			sourceTree = "<group>";
		};
		5A52FBB01A8CD07B00FEFB94 /* Products */ = {
			isa = PBXGroup;
			children = (
				5A52FBAF1A8CD07B00FEFB94 /* ITMA Video Processor.app */,
				5A52FBBF1A8CD07C00FEFB94 /* ITMA Video ProcessorTests.xctest */,
			);
			name = Products;
			sourceTree = "<group>";
		};
		5A52FBB11A8CD07B00FEFB94 /* ITMA Video Processor */ = {
			isa = PBXGroup;
			children = (
				5A52FBB41A8CD07C00FEFB94 /* AppDelegate.swift */,
				5A52FBB61A8CD07C00FEFB94 /* Images.xcassets */,
				5A52FBB81A8CD07C00FEFB94 /* MainMenu.xib */,
				5A52FBB21A8CD07B00FEFB94 /* Supporting Files */,
			);
			path = "ITMA Video Processor";
			sourceTree = "<group>";
		};
		5A52FBB21A8CD07B00FEFB94 /* Supporting Files */ = {
			isa = PBXGroup;
			children = (
				5A52FBB31A8CD07C00FEFB94 /* Info.plist */,
			);
			name = "Supporting Files";
			sourceTree = "<group>";
		};
		5A52FBC21A8CD07C00FEFB94 /* ITMA Video ProcessorTests */ = {
			isa = PBXGroup;
			children = (
				5A52FBC51A8CD07C00FEFB94 /* ITMA_Video_ProcessorTests.swift */,
				5A52FBC31A8CD07C00FEFB94 /* Supporting Files */,
			);
			path = "ITMA Video ProcessorTests";
			sourceTree = "<group>";
		};
		5A52FBC31A8CD07C00FEFB94 /* Supporting Files */ = {
			isa = PBXGroup;
			children = (
				5A52FBC41A8CD07C00FEFB94 /* Info.plist */,
			);
			name = "Supporting Files";
			sourceTree = "<group>";
		};
/* End PBXGroup section */

/* Begin PBXNativeTarget section */
		5A52FBAE1A8CD07B00FEFB94 /* ITMA Video Processor */ = {
			isa = PBXNativeTarget;
			buildConfigurationList = 5A52FBC91A8CD07C00FEFB94 /* Build configuration list for PBXNativeTarget "ITMA Video Processor" */;
			buildPhases = (
				5A52FBAB1A8CD07B00FEFB94 /* Sources */,
				5A52FBAC1A8CD07B00FEFB94 /* Frameworks */,
				5A52FBAD1A8CD07B00FEFB94 /* Resources */,
			);
			buildRules = (
			);
			dependencies = (
			);
			name = "ITMA Video Processor";
			productName = "ITMA Video Processor";
			productReference = 5A52FBAF1A8CD07B00FEFB94 /* ITMA Video Processor.app */;
			productType = "com.apple.product-type.application";
		};
		5A52FBBE1A8CD07C00FEFB94 /* ITMA Video ProcessorTests */ = {
			isa = PBXNativeTarget;
			buildConfigurationList = 5A52FBCC1A8CD07C00FEFB94 /* Build configuration list for PBXNativeTarget "ITMA Video ProcessorTests" */;
			buildPhases = (
				5A52FBBB1A8CD07C00FEFB94 /* Sources */,
				5A52FBBC1A8CD07C00FEFB94 /* Frameworks */,
				5A52FBBD1A8CD07C00FEFB94 /* Resources */,
			);
			buildRules = (
			);
			dependencies = (
				5A52FBC11A8CD07C00FEFB94 /* PBXTargetDependency */,
			);
			name = "ITMA Video ProcessorTests";
			productName = "ITMA Video ProcessorTests";
			productReference = 5A52FBBF1A8CD07C00FEFB94 /* ITMA Video ProcessorTests.xctest */;
			productType = "com.apple.product-type.bundle.unit-test";
		};
/* End PBXNativeTarget section */

/* Begin PBXProject section */
		5A52FBA71A8CD07B00FEFB94 /* Project object */ = {
			isa = PBXProject;
			attributes = {
				LastUpgradeCheck = 0610;
				ORGANIZATIONNAME = "Irish Traditional Music Archive";
				TargetAttributes = {
					5A52FBAE1A8CD07B00FEFB94 = {
						CreatedOnToolsVersion = 6.1.1;
					};
					5A52FBBE1A8CD07C00FEFB94 = {
						CreatedOnToolsVersion = 6.1.1;
						TestTargetID = 5A52FBAE1A8CD07B00FEFB94;
					};
				};
			};
			buildConfigurationList = 5A52FBAA1A8CD07B00FEFB94 /* Build configuration list for PBXProject "ITMA Video Processor" */;
			compatibilityVersion = "Xcode 3.2";
			developmentRegion = English;
			hasScannedForEncodings = 0;
			knownRegions = (
				en,
				Base,
			);
			mainGroup = 5A52FBA61A8CD07B00FEFB94;
			productRefGroup = 5A52FBB01A8CD07B00FEFB94 /* Products */;
			projectDirPath = "";
			projectRoot = "";
			targets = (
				5A52FBAE1A8CD07B00FEFB94 /* ITMA Video Processor */,
				5A52FBBE1A8CD07C00FEFB94 /* ITMA Video ProcessorTests */,
			);
		};
/* End PBXProject section */

/* Begin PBXResourcesBuildPhase section */
		5A52FBAD1A8CD07B00FEFB94 /* Resources */ = {
			isa = PBXResourcesBuildPhase;
			buildActionMask = 2147483647;
			files = (
				5A52FBB71A8CD07C00FEFB94 /* Images.xcassets in Resources */,
				5A52FBBA1A8CD07C00FEFB94 /* MainMenu.xib in Resources */,
			);
			runOnlyForDeploymentPostprocessing = 0;
		};
		5A52FBBD1A8CD07C00FEFB94 /* Resources */ = {
			isa = PBXResourcesBuildPhase;
			buildActionMask = 2147483647;
			files = (
			);
			runOnlyForDeploymentPostprocessing = 0;
		};
/* End PBXResourcesBuildPhase section */

/* Begin PBXSourcesBuildPhase section */
		5A52FBAB1A8CD07B00FEFB94 /* Sources */ = {
			isa = PBXSourcesBuildPhase;
			buildActionMask = 2147483647;
			files = (
				5A52FBB51A8CD07C00FEFB94 /* AppDelegate.swift in Sources */,
			);
			runOnlyForDeploymentPostprocessing = 0;
		};
		5A52FBBB1A8CD07C00FEFB94 /* Sources */ = {
			isa = PBXSourcesBuildPhase;
			buildActionMask = 2147483647;
			files = (
				5A52FBC61A8CD07C00FEFB94 /* ITMA_Video_ProcessorTests.swift in Sources */,
			);
			runOnlyForDeploymentPostprocessing = 0;
		};
/* End PBXSourcesBuildPhase section */

/* Begin PBXTargetDependency section */
		5A52FBC11A8CD07C00FEFB94 /* PBXTargetDependency */ = {
			isa = PBXTargetDependency;
			target = 5A52FBAE1A8CD07B00FEFB94 /* ITMA Video Processor */;
			targetProxy = 5A52FBC01A8CD07C00FEFB94 /* PBXContainerItemProxy */;
		};
/* End PBXTargetDependency section */

/* Begin PBXVariantGroup section */
		5A52FBB81A8CD07C00FEFB94 /* MainMenu.xib */ = {
			isa = PBXVariantGroup;
			children = (
				5A52FBB91A8CD07C00FEFB94 /* Base */,
			);
			name = MainMenu.xib;
			sourceTree = "<group>";
		};
/* End PBXVariantGroup section */

/* Begin XCBuildConfiguration section */
		5A52FBC71A8CD07C00FEFB94 /* Debug */ = {
			isa = XCBuildConfiguration;
			buildSettings = {
				ALWAYS_SEARCH_USER_PATHS = NO;
				CLANG_CXX_LANGUAGE_STANDARD = "gnu++0x";
				CLANG_CXX_LIBRARY = "libc++";
				CLANG_ENABLE_MODULES = YES;
				CLANG_ENABLE_OBJC_ARC = YES;
				CLANG_WARN_BOOL_CONVERSION = YES;
				CLANG_WARN_CONSTANT_CONVERSION = YES;
				CLANG_WARN_DIRECT_OBJC_ISA_USAGE = YES_ERROR;
				CLANG_WARN_EMPTY_BODY = YES;
				CLANG_WARN_ENUM_CONVERSION = YES;
				CLANG_WARN_INT_CONVERSION = YES;
				CLANG_WARN_OBJC_ROOT_CLASS = YES_ERROR;
				CLANG_WARN_UNREACHABLE_CODE = YES;
				CLANG_WARN__DUPLICATE_METHOD_MATCH = YES;
				CODE_SIGN_IDENTITY = "-";
				COPY_PHASE_STRIP = NO;
				ENABLE_STRICT_OBJC_MSGSEND = YES;
				GCC_C_LANGUAGE_STANDARD = gnu99;
				GCC_DYNAMIC_NO_PIC = NO;
				GCC_OPTIMIZATION_LEVEL = 0;
				GCC_PREPROCESSOR_DEFINITIONS = (
					"DEBUG=1",
					"$(inherited)",
				);
				GCC_SYMBOLS_PRIVATE_EXTERN = NO;
				GCC_WARN_64_TO_32_BIT_CONVERSION = YES;
				GCC_WARN_ABOUT_RETURN_TYPE = YES_ERROR;
				GCC_WARN_UNDECLARED_SELECTOR = YES;
				GCC_WARN_UNINITIALIZED_AUTOS = YES_AGGRESSIVE;
				GCC_WARN_UNUSED_FUNCTION = YES;
				GCC_WARN_UNUSED_VARIABLE = YES;
				MACOSX_DEPLOYMENT_TARGET = 10.9;
				MTL_ENABLE_DEBUG_INFO = YES;
				ONLY_ACTIVE_ARCH = YES;
				SDKROOT = macosx;
				SWIFT_OPTIMIZATION_LEVEL = "-Onone";
			};
			name = Debug;
		};
		5A52FBC81A8CD07C00FEFB94 /* Release */ = {
			isa = XCBuildConfiguration;
			buildSettings = {
				ALWAYS_SEARCH_USER_PATHS = NO;
				CLANG_CXX_LANGUAGE_STANDARD = "gnu++0x";
				CLANG_CXX_LIBRARY = "libc++";
				CLANG_ENABLE_MODULES = YES;
				CLANG_ENABLE_OBJC_ARC = YES;
				CLANG_WARN_BOOL_CONVERSION = YES;
				CLANG_WARN_CONSTANT_CONVERSION = YES;
				CLANG_WARN_DIRECT_OBJC_ISA_USAGE = YES_ERROR;
				CLANG_WARN_EMPTY_BODY = YES;
				CLANG_WARN_ENUM_CONVERSION = YES;
				CLANG_WARN_INT_CONVERSION = YES;
				CLANG_WARN_OBJC_ROOT_CLASS = YES_ERROR;
				CLANG_WARN_UNREACHABLE_CODE = YES;
				CLANG_WARN__DUPLICATE_METHOD_MATCH = YES;
				CODE_SIGN_IDENTITY = "-";
				COPY_PHASE_STRIP = YES;
				DEBUG_INFORMATION_FORMAT = "dwarf-with-dsym";
				ENABLE_NS_ASSERTIONS = NO;
				ENABLE_STRICT_OBJC_MSGSEND = YES;
				GCC_C_LANGUAGE_STANDARD = gnu99;
				GCC_WARN_64_TO_32_BIT_CONVERSION = YES;
				GCC_WARN_ABOUT_RETURN_TYPE = YES_ERROR;
				GCC_WARN_UNDECLARED_SELECTOR = YES;
				GCC_WARN_UNINITIALIZED_AUTOS = YES_AGGRESSIVE;
				GCC_WARN_UNUSED_FUNCTION = YES;
				GCC_WARN_UNUSED_VARIABLE = YES;
				MACOSX_DEPLOYMENT_TARGET = 10.9;
				MTL_ENABLE_DEBUG_INFO = NO;
				SDKROOT = macosx;
			};
			name = Release;
		};
		5A52FBCA1A8CD07C00FEFB94 /* Debug */ = {
			isa = XCBuildConfiguration;
			buildSettings = {
				ASSETCATALOG_COMPILER_APPICON_NAME = AppIcon;
				COMBINE_HIDPI_IMAGES = YES;
				INFOPLIST_FILE = "ITMA Video Processor/Info.plist";
				LD_RUNPATH_SEARCH_PATHS = "$(inherited) @executable_path/../Frameworks";
				PRODUCT_NAME = "$(TARGET_NAME)";
			};
			name = Debug;
		};
		5A52FBCB1A8CD07C00FEFB94 /* Release */ = {
			isa = XCBuildConfiguration;
			buildSettings = {
				ASSETCATALOG_COMPILER_APPICON_NAME = AppIcon;
				COMBINE_HIDPI_IMAGES = YES;
				INFOPLIST_FILE = "ITMA Video Processor/Info.plist";
				LD_RUNPATH_SEARCH_PATHS = "$(inherited) @executable_path/../Frameworks";
				PRODUCT_NAME = "$(TARGET_NAME)";
			};
			name = Release;
		};
		5A52FBCD1A8CD07C00FEFB94 /* Debug */ = {
			isa = XCBuildConfiguration;
			buildSettings = {
				BUNDLE_LOADER = "$(TEST_HOST)";
				COMBINE_HIDPI_IMAGES = YES;
				FRAMEWORK_SEARCH_PATHS = (
					"$(DEVELOPER_FRAMEWORKS_DIR)",
					"$(inherited)",
				);
				GCC_PREPROCESSOR_DEFINITIONS = (
					"DEBUG=1",
					"$(inherited)",
				);
				INFOPLIST_FILE = "ITMA Video ProcessorTests/Info.plist";
				LD_RUNPATH_SEARCH_PATHS = "$(inherited) @executable_path/../Frameworks @loader_path/../Frameworks";
				PRODUCT_NAME = "$(TARGET_NAME)";
				TEST_HOST = "$(BUILT_PRODUCTS_DIR)/ITMA Video Processor.app/Contents/MacOS/ITMA Video Processor";
			};
			name = Debug;
		};
		5A52FBCE1A8CD07C00FEFB94 /* Release */ = {
			isa = XCBuildConfiguration;
			buildSettings = {
				BUNDLE_LOADER = "$(TEST_HOST)";
				COMBINE_HIDPI_IMAGES = YES;
				FRAMEWORK_SEARCH_PATHS = (
					"$(DEVELOPER_FRAMEWORKS_DIR)",
					"$(inherited)",
				);
				INFOPLIST_FILE = "ITMA Video ProcessorTests/Info.plist";
				LD_RUNPATH_SEARCH_PATHS = "$(inherited) @executable_path/../Frameworks @loader_path/../Frameworks";
				PRODUCT_NAME = "$(TARGET_NAME)";
				TEST_HOST = "$(BUILT_PRODUCTS_DIR)/ITMA Video Processor.app/Contents/MacOS/ITMA Video Processor";
			};
			name = Release;
		};
/* End XCBuildConfiguration section */

/* Begin XCConfigurationList section */
		5A52FBAA1A8CD07B00FEFB94 /* Build configuration list for PBXProject "ITMA Video Processor" */ = {
			isa = XCConfigurationList;
			buildConfigurations = (
				5A52FBC71A8CD07C00FEFB94 /* Debug */,
				5A52FBC81A8CD07C00FEFB94 /* Release */,
			);
			defaultConfigurationIsVisible = 0;
			defaultConfigurationName = Release;
		};
		5A52FBC91A8CD07C00FEFB94 /* Build configuration list for PBXNativeTarget "ITMA Video Processor" */ = {
			isa = XCConfigurationList;
			buildConfigurations = (
				5A52FBCA1A8CD07C00FEFB94 /* Debug */,
				5A52FBCB1A8CD07C00FEFB94 /* Release */,
			);
			defaultConfigurationIsVisible = 0;
		};
		5A52FBCC1A8CD07C00FEFB94 /* Build configuration list for PBXNativeTarget "ITMA Video ProcessorTests" */ = {
			isa = XCConfigurationList;
			buildConfigurations = (
				5A52FBCD1A8CD07C00FEFB94 /* Debug */,
				5A52FBCE1A8CD07C00FEFB94 /* Release */,
			);
			defaultConfigurationIsVisible = 0;
		};
/* End XCConfigurationList section */
	};
	rootObject = 5A52FBA71A8CD07B00FEFB94 /* Project object */;
}
